{"format_version":"0.1","terraform_version":"0.12.24","planned_values":{"root_module":{"resources":[{"address":"google_compute_network.vpc_network","mode":"managed","type":"google_compute_network","name":"vpc_network","provider_name":"google","schema_version":0,"values":{"auto_create_subnetworks":true,"delete_default_routes_on_create":false,"description":null,"name":"terraform-network","timeouts":null}}]}},"resource_changes":[{"address":"google_compute_network.vpc_network","mode":"managed","type":"google_compute_network","name":"vpc_network","provider_name":"google","change":{"actions":["create"],"before":null,"after":{"auto_create_subnetworks":true,"delete_default_routes_on_create":false,"description":null,"name":"terraform-network","timeouts":null},"after_unknown":{"gateway_ipv4":true,"id":true,"ipv4_range":true,"project":true,"routing_mode":true,"self_link":true}}}],"configuration":{"provider_config":{"google":{"name":"google","version_constraint":"3.5.0","expressions":{"credentials":{},"project":{"constant_value":"iron-gizmo-265816"},"region":{"constant_value":"us-central1"},"zone":{"constant_value":"us-central1-c"}}}},"root_module":{"resources":[{"address":"google_compute_network.vpc_network","mode":"managed","type":"google_compute_network","name":"vpc_network","provider_config_key":"google","expressions":{"name":{"constant_value":"terraform-network"}},"schema_version":0}]}}}